
Microsoft Visual Studio Solution File, Format Version 12.00
# Visual Studio Version 16
VisualStudioVersion = 16.0.29123.89
MinimumVisualStudioVersion = 10.0.40219.1
Project("{9A19103F-16F7-4668-BE54-9A1E7A4F7556}") = "VersandTracks0r", "VersandTracks0r\VersandTracks0r.csproj", "{6BF2716E-541C-48AE-BE92-660E3D426F00}"
EndProject
Project("{9A19103F-16F7-4668-BE54-9A1E7A4F7556}") = "Tests", "ConsoleApp1\Tests.csproj", "{20C67C48-7968-4B11-B428-B9299BD45EE1}"
EndProject
Global
	GlobalSection(SolutionConfigurationPlatforms) = preSolution
		Debug|Any CPU = Debug|Any CPU
		Release|Any CPU = Release|Any CPU
	EndGlobalSection
	GlobalSection(ProjectConfigurationPlatforms) = postSolution
		{6BF2716E-541C-48AE-BE92-660E3D426F00}.Debug|Any CPU.ActiveCfg = Debug|Any CPU
		{6BF2716E-541C-48AE-BE92-660E3D426F00}.Debug|Any CPU.Build.0 = Debug|Any CPU
		{6BF2716E-541C-48AE-BE92-660E3D426F00}.Release|Any CPU.ActiveCfg = Release|Any CPU
		{6BF2716E-541C-48AE-BE92-660E3D426F00}.Release|Any CPU.Build.0 = Release|Any CPU
		{20C67C48-7968-4B11-B428-B9299BD45EE1}.Debug|Any CPU.ActiveCfg = Debug|Any CPU
		{20C67C48-7968-4B11-B428-B9299BD45EE1}.Debug|Any CPU.Build.0 = Debug|Any CPU
		{20C67C48-7968-4B11-B428-B9299BD45EE1}.Release|Any CPU.ActiveCfg = Release|Any CPU
		{20C67C48-7968-4B11-B428-B9299BD45EE1}.Release|Any CPU.Build.0 = Release|Any CPU
	EndGlobalSection
	GlobalSection(SolutionProperties) = preSolution
		HideSolutionNode = FALSE
	EndGlobalSection
	GlobalSection(ExtensibilityGlobals) = postSolution
		SolutionGuid = {830912C9-7782-4693-B2E0-D449D9275C4F}
	EndGlobalSection
EndGlobal
